
Microsoft Visual Studio Solution File, Format Version 12.00
# Visual Studio 15
VisualStudioVersion = 15.0.26430.16
MinimumVisualStudioVersion = 10.0.40219.1
Project("{FAE04EC0-301F-11D3-BF4B-00C04F79EFBC}") = "DB-Allover", "DB-Allover\DB-Allover.csproj", "{107F48AF-DB99-45C7-9492-FBCE52B9C15E}"
EndProject
Global
	GlobalSection(SolutionConfigurationPlatforms) = preSolution
		Debug|Any CPU = Debug|Any CPU
		Release|Any CPU = Release|Any CPU
	EndGlobalSection
	GlobalSection(ProjectConfigurationPlatforms) = postSolution
		{107F48AF-DB99-45C7-9492-FBCE52B9C15E}.Debug|Any CPU.ActiveCfg = Debug|Any CPU
		{107F48AF-DB99-45C7-9492-FBCE52B9C15E}.Debug|Any CPU.Build.0 = Debug|Any CPU
		{107F48AF-DB99-45C7-9492-FBCE52B9C15E}.Release|Any CPU.ActiveCfg = Release|Any CPU
		{107F48AF-DB99-45C7-9492-FBCE52B9C15E}.Release|Any CPU.Build.0 = Release|Any CPU
	EndGlobalSection
	GlobalSection(SolutionProperties) = preSolution
		HideSolutionNode = FALSE
	EndGlobalSection
EndGlobal
